
Microsoft Visual Studio Solution File, Format Version 12.00
# Visual Studio 15
VisualStudioVersion = 15.0.27703.2018
MinimumVisualStudioVersion = 10.0.40219.1
Project("{FAE04EC0-301F-11D3-BF4B-00C04F79EFBC}") = "WebApiPaises", "WebApiPaises\WebApiPaises.csproj", "{70450334-2BCD-4D91-9E83-E2F5AA3C46D6}"
EndProject
Global
	GlobalSection(SolutionConfigurationPlatforms) = preSolution
		Debug|Any CPU = Debug|Any CPU
		Release|Any CPU = Release|Any CPU
	EndGlobalSection
	GlobalSection(ProjectConfigurationPlatforms) = postSolution
		{70450334-2BCD-4D91-9E83-E2F5AA3C46D6}.Debug|Any CPU.ActiveCfg = Debug|Any CPU
		{70450334-2BCD-4D91-9E83-E2F5AA3C46D6}.Debug|Any CPU.Build.0 = Debug|Any CPU
		{70450334-2BCD-4D91-9E83-E2F5AA3C46D6}.Release|Any CPU.ActiveCfg = Release|Any CPU
		{70450334-2BCD-4D91-9E83-E2F5AA3C46D6}.Release|Any CPU.Build.0 = Release|Any CPU
	EndGlobalSection
	GlobalSection(SolutionProperties) = preSolution
		HideSolutionNode = FALSE
	EndGlobalSection
	GlobalSection(ExtensibilityGlobals) = postSolution
		SolutionGuid = {15CF0A44-D1E6-4EFF-917F-066A92A733D0}
	EndGlobalSection
EndGlobal
